
Microsoft Visual Studio Solution File, Format Version 12.00
# Visual Studio Version 17
VisualStudioVersion = 17.9.34321.82
MinimumVisualStudioVersion = 10.0.40219.1
Project("{FAE04EC0-301F-11D3-BF4B-00C04F79EFBC}") = "011LibraryArraysTypes", "0.1.1 Library Arrays Types\011LibraryArraysTypes.csproj", "{F046DFD4-84C1-BCA7-078A-1F8F259F2194}"
EndProject
Project("{FAE04EC0-301F-11D3-BF4B-00C04F79EFBC}") = "011ViewArraysTypes", "0.1.1 View Arrays Types\011ViewArraysTypes.csproj", "{C069333B-65D0-25FF-B62D-A866E0932C24}"
EndProject
Project("{FAE04EC0-301F-11D3-BF4B-00C04F79EFBC}") = "001LibraryArrayDeclarationAndInitialization", "0.0.1 Library Array Declaration and Initialization\001LibraryArrayDeclarationAndInitialization.csproj", "{AD861241-8718-1EC7-0983-7062060350B6}"
EndProject
Project("{FAE04EC0-301F-11D3-BF4B-00C04F79EFBC}") = "1101OneDimensionalArrayExercise", "1.1.01 One Dimensional Array Exercise\1101OneDimensionalArrayExercise.csproj", "{3ED772AB-65CD-44BD-9C99-0CF54F00A13E}"
EndProject
Project("{FAE04EC0-301F-11D3-BF4B-00C04F79EFBC}") = "1102OneDimensionalArrayExercise", "1.1.02 One Dimensional Array Exercise\1102OneDimensionalArrayExercise.csproj", "{0AC025DF-550C-3A3E-0CE5-F3D244482DCE}"
EndProject
Project("{FAE04EC0-301F-11D3-BF4B-00C04F79EFBC}") = "1103OneDimensionalArrayExercise", "1.1.03 One Dimensional Array Exercise\1103OneDimensionalArrayExercise.csproj", "{1427F08F-D694-46EC-829B-58177E1CD5F5}"
EndProject
Project("{FAE04EC0-301F-11D3-BF4B-00C04F79EFBC}") = "1104OneDimensionalArrayExercise", "1.1.04 One Dimensional Array Exercise\1104OneDimensionalArrayExercise.csproj", "{65273450-4A71-4CE1-B26A-A2AE6301B6CB}"
EndProject
Project("{FAE04EC0-301F-11D3-BF4B-00C04F79EFBC}") = "1105OneDimensionalArrayExercise", "1.1.05 One Dimensional Array Exercise\1105OneDimensionalArrayExercise.csproj", "{E1F9253C-1A12-4853-A16A-BD140440A6B8}"
EndProject
Project("{FAE04EC0-301F-11D3-BF4B-00C04F79EFBC}") = "1106OneDimensionalArrayExercise", "1.1.06 One Dimensional Array Exercise\1106OneDimensionalArrayExercise.csproj", "{74DE981D-C797-4FED-A961-8C6AAC2866C8}"
EndProject
Project("{FAE04EC0-301F-11D3-BF4B-00C04F79EFBC}") = "021LibraryArraysOperations", "0.2.1 Library Arrays Operations\021LibraryArraysOperations.csproj", "{B7D20214-C8E6-1715-F2C2-85D5DA986780}"
EndProject
Project("{FAE04EC0-301F-11D3-BF4B-00C04F79EFBC}") = "021ViewArraysOperations", "0.2.1 View Arrays Operations\021ViewArraysOperations.csproj", "{B8D15A4B-65D8-AB8C-AEF1-58F1C74292A6}"
EndProject
Project("{FAE04EC0-301F-11D3-BF4B-00C04F79EFBC}") = "1107OneDimensionalArrayExercise", "1.1.07 One Dimensional Array Exercise\1107OneDimensionalArrayExercise.csproj", "{445E2DBA-B3E4-43E1-B4A6-4B3F8DE22E37}"
EndProject
Project("{FAE04EC0-301F-11D3-BF4B-00C04F79EFBC}") = "1108OneDimensionalArrayExercise", "1.1.08 One Dimensional Array Exercise\1108OneDimensionalArrayExercise.csproj", "{3BE905B2-A098-4F82-8C04-BA4771973411}"
EndProject
Global
	GlobalSection(SolutionConfigurationPlatforms) = preSolution
		Debug|Any CPU = Debug|Any CPU
		Debug|x64 = Debug|x64
		Debug|x86 = Debug|x86
		Release|Any CPU = Release|Any CPU
		Release|x64 = Release|x64
		Release|x86 = Release|x86
	EndGlobalSection
	GlobalSection(ProjectConfigurationPlatforms) = postSolution
		{F046DFD4-84C1-BCA7-078A-1F8F259F2194}.Debug|Any CPU.ActiveCfg = Debug|Any CPU
		{F046DFD4-84C1-BCA7-078A-1F8F259F2194}.Debug|Any CPU.Build.0 = Debug|Any CPU
		{F046DFD4-84C1-BCA7-078A-1F8F259F2194}.Debug|x64.ActiveCfg = Debug|Any CPU
		{F046DFD4-84C1-BCA7-078A-1F8F259F2194}.Debug|x64.Build.0 = Debug|Any CPU
		{F046DFD4-84C1-BCA7-078A-1F8F259F2194}.Debug|x86.ActiveCfg = Debug|Any CPU
		{F046DFD4-84C1-BCA7-078A-1F8F259F2194}.Debug|x86.Build.0 = Debug|Any CPU
		{F046DFD4-84C1-BCA7-078A-1F8F259F2194}.Release|Any CPU.ActiveCfg = Release|Any CPU
		{F046DFD4-84C1-BCA7-078A-1F8F259F2194}.Release|Any CPU.Build.0 = Release|Any CPU
		{F046DFD4-84C1-BCA7-078A-1F8F259F2194}.Release|x64.ActiveCfg = Release|Any CPU
		{F046DFD4-84C1-BCA7-078A-1F8F259F2194}.Release|x64.Build.0 = Release|Any CPU
		{F046DFD4-84C1-BCA7-078A-1F8F259F2194}.Release|x86.ActiveCfg = Release|Any CPU
		{F046DFD4-84C1-BCA7-078A-1F8F259F2194}.Release|x86.Build.0 = Release|Any CPU
		{C069333B-65D0-25FF-B62D-A866E0932C24}.Debug|Any CPU.ActiveCfg = Debug|Any CPU
		{C069333B-65D0-25FF-B62D-A866E0932C24}.Debug|Any CPU.Build.0 = Debug|Any CPU
		{C069333B-65D0-25FF-B62D-A866E0932C24}.Debug|x64.ActiveCfg = Debug|Any CPU
		{C069333B-65D0-25FF-B62D-A866E0932C24}.Debug|x64.Build.0 = Debug|Any CPU
		{C069333B-65D0-25FF-B62D-A866E0932C24}.Debug|x86.ActiveCfg = Debug|Any CPU
		{C069333B-65D0-25FF-B62D-A866E0932C24}.Debug|x86.Build.0 = Debug|Any CPU
		{C069333B-65D0-25FF-B62D-A866E0932C24}.Release|Any CPU.ActiveCfg = Release|Any CPU
		{C069333B-65D0-25FF-B62D-A866E0932C24}.Release|Any CPU.Build.0 = Release|Any CPU
		{C069333B-65D0-25FF-B62D-A866E0932C24}.Release|x64.ActiveCfg = Release|Any CPU
		{C069333B-65D0-25FF-B62D-A866E0932C24}.Release|x64.Build.0 = Release|Any CPU
		{C069333B-65D0-25FF-B62D-A866E0932C24}.Release|x86.ActiveCfg = Release|Any CPU
		{C069333B-65D0-25FF-B62D-A866E0932C24}.Release|x86.Build.0 = Release|Any CPU
		{AD861241-8718-1EC7-0983-7062060350B6}.Debug|Any CPU.ActiveCfg = Debug|Any CPU
		{AD861241-8718-1EC7-0983-7062060350B6}.Debug|Any CPU.Build.0 = Debug|Any CPU
		{AD861241-8718-1EC7-0983-7062060350B6}.Debug|x64.ActiveCfg = Debug|Any CPU
		{AD861241-8718-1EC7-0983-7062060350B6}.Debug|x64.Build.0 = Debug|Any CPU
		{AD861241-8718-1EC7-0983-7062060350B6}.Debug|x86.ActiveCfg = Debug|Any CPU
		{AD861241-8718-1EC7-0983-7062060350B6}.Debug|x86.Build.0 = Debug|Any CPU
		{AD861241-8718-1EC7-0983-7062060350B6}.Release|Any CPU.ActiveCfg = Release|Any CPU
		{AD861241-8718-1EC7-0983-7062060350B6}.Release|Any CPU.Build.0 = Release|Any CPU
		{AD861241-8718-1EC7-0983-7062060350B6}.Release|x64.ActiveCfg = Release|Any CPU
		{AD861241-8718-1EC7-0983-7062060350B6}.Release|x64.Build.0 = Release|Any CPU
		{AD861241-8718-1EC7-0983-7062060350B6}.Release|x86.ActiveCfg = Release|Any CPU
		{AD861241-8718-1EC7-0983-7062060350B6}.Release|x86.Build.0 = Release|Any CPU
		{3ED772AB-65CD-44BD-9C99-0CF54F00A13E}.Debug|Any CPU.ActiveCfg = Debug|Any CPU
		{3ED772AB-65CD-44BD-9C99-0CF54F00A13E}.Debug|Any CPU.Build.0 = Debug|Any CPU
		{3ED772AB-65CD-44BD-9C99-0CF54F00A13E}.Debug|x64.ActiveCfg = Debug|Any CPU
		{3ED772AB-65CD-44BD-9C99-0CF54F00A13E}.Debug|x64.Build.0 = Debug|Any CPU
		{3ED772AB-65CD-44BD-9C99-0CF54F00A13E}.Debug|x86.ActiveCfg = Debug|Any CPU
		{3ED772AB-65CD-44BD-9C99-0CF54F00A13E}.Debug|x86.Build.0 = Debug|Any CPU
		{3ED772AB-65CD-44BD-9C99-0CF54F00A13E}.Release|Any CPU.ActiveCfg = Release|Any CPU
		{3ED772AB-65CD-44BD-9C99-0CF54F00A13E}.Release|Any CPU.Build.0 = Release|Any CPU
		{3ED772AB-65CD-44BD-9C99-0CF54F00A13E}.Release|x64.ActiveCfg = Release|Any CPU
		{3ED772AB-65CD-44BD-9C99-0CF54F00A13E}.Release|x64.Build.0 = Release|Any CPU
		{3ED772AB-65CD-44BD-9C99-0CF54F00A13E}.Release|x86.ActiveCfg = Release|Any CPU
		{3ED772AB-65CD-44BD-9C99-0CF54F00A13E}.Release|x86.Build.0 = Release|Any CPU
		{0AC025DF-550C-3A3E-0CE5-F3D244482DCE}.Debug|Any CPU.ActiveCfg = Debug|Any CPU
		{0AC025DF-550C-3A3E-0CE5-F3D244482DCE}.Debug|Any CPU.Build.0 = Debug|Any CPU
		{0AC025DF-550C-3A3E-0CE5-F3D244482DCE}.Debug|x64.ActiveCfg = Debug|Any CPU
		{0AC025DF-550C-3A3E-0CE5-F3D244482DCE}.Debug|x64.Build.0 = Debug|Any CPU
		{0AC025DF-550C-3A3E-0CE5-F3D244482DCE}.Debug|x86.ActiveCfg = Debug|Any CPU
		{0AC025DF-550C-3A3E-0CE5-F3D244482DCE}.Debug|x86.Build.0 = Debug|Any CPU
		{0AC025DF-550C-3A3E-0CE5-F3D244482DCE}.Release|Any CPU.ActiveCfg = Release|Any CPU
		{0AC025DF-550C-3A3E-0CE5-F3D244482DCE}.Release|Any CPU.Build.0 = Release|Any CPU
		{0AC025DF-550C-3A3E-0CE5-F3D244482DCE}.Release|x64.ActiveCfg = Release|Any CPU
		{0AC025DF-550C-3A3E-0CE5-F3D244482DCE}.Release|x64.Build.0 = Release|Any CPU
		{0AC025DF-550C-3A3E-0CE5-F3D244482DCE}.Release|x86.ActiveCfg = Release|Any CPU
		{0AC025DF-550C-3A3E-0CE5-F3D244482DCE}.Release|x86.Build.0 = Release|Any CPU
		{1427F08F-D694-46EC-829B-58177E1CD5F5}.Debug|Any CPU.ActiveCfg = Debug|Any CPU
		{1427F08F-D694-46EC-829B-58177E1CD5F5}.Debug|Any CPU.Build.0 = Debug|Any CPU
		{1427F08F-D694-46EC-829B-58177E1CD5F5}.Debug|x64.ActiveCfg = Debug|Any CPU
		{1427F08F-D694-46EC-829B-58177E1CD5F5}.Debug|x64.Build.0 = Debug|Any CPU
		{1427F08F-D694-46EC-829B-58177E1CD5F5}.Debug|x86.ActiveCfg = Debug|Any CPU
		{1427F08F-D694-46EC-829B-58177E1CD5F5}.Debug|x86.Build.0 = Debug|Any CPU
		{1427F08F-D694-46EC-829B-58177E1CD5F5}.Release|Any CPU.ActiveCfg = Release|Any CPU
		{1427F08F-D694-46EC-829B-58177E1CD5F5}.Release|Any CPU.Build.0 = Release|Any CPU
		{1427F08F-D694-46EC-829B-58177E1CD5F5}.Release|x64.ActiveCfg = Release|Any CPU
		{1427F08F-D694-46EC-829B-58177E1CD5F5}.Release|x64.Build.0 = Release|Any CPU
		{1427F08F-D694-46EC-829B-58177E1CD5F5}.Release|x86.ActiveCfg = Release|Any CPU
		{1427F08F-D694-46EC-829B-58177E1CD5F5}.Release|x86.Build.0 = Release|Any CPU
		{65273450-4A71-4CE1-B26A-A2AE6301B6CB}.Debug|Any CPU.ActiveCfg = Debug|Any CPU
		{65273450-4A71-4CE1-B26A-A2AE6301B6CB}.Debug|Any CPU.Build.0 = Debug|Any CPU
		{65273450-4A71-4CE1-B26A-A2AE6301B6CB}.Debug|x64.ActiveCfg = Debug|Any CPU
		{65273450-4A71-4CE1-B26A-A2AE6301B6CB}.Debug|x64.Build.0 = Debug|Any CPU
		{65273450-4A71-4CE1-B26A-A2AE6301B6CB}.Debug|x86.ActiveCfg = Debug|Any CPU
		{65273450-4A71-4CE1-B26A-A2AE6301B6CB}.Debug|x86.Build.0 = Debug|Any CPU
		{65273450-4A71-4CE1-B26A-A2AE6301B6CB}.Release|Any CPU.ActiveCfg = Release|Any CPU
		{65273450-4A71-4CE1-B26A-A2AE6301B6CB}.Release|Any CPU.Build.0 = Release|Any CPU
		{65273450-4A71-4CE1-B26A-A2AE6301B6CB}.Release|x64.ActiveCfg = Release|Any CPU
		{65273450-4A71-4CE1-B26A-A2AE6301B6CB}.Release|x64.Build.0 = Release|Any CPU
		{65273450-4A71-4CE1-B26A-A2AE6301B6CB}.Release|x86.ActiveCfg = Release|Any CPU
		{65273450-4A71-4CE1-B26A-A2AE6301B6CB}.Release|x86.Build.0 = Release|Any CPU
		{E1F9253C-1A12-4853-A16A-BD140440A6B8}.Debug|Any CPU.ActiveCfg = Debug|Any CPU
		{E1F9253C-1A12-4853-A16A-BD140440A6B8}.Debug|Any CPU.Build.0 = Debug|Any CPU
		{E1F9253C-1A12-4853-A16A-BD140440A6B8}.Debug|x64.ActiveCfg = Debug|Any CPU
		{E1F9253C-1A12-4853-A16A-BD140440A6B8}.Debug|x64.Build.0 = Debug|Any CPU
		{E1F9253C-1A12-4853-A16A-BD140440A6B8}.Debug|x86.ActiveCfg = Debug|Any CPU
		{E1F9253C-1A12-4853-A16A-BD140440A6B8}.Debug|x86.Build.0 = Debug|Any CPU
		{E1F9253C-1A12-4853-A16A-BD140440A6B8}.Release|Any CPU.ActiveCfg = Release|Any CPU
		{E1F9253C-1A12-4853-A16A-BD140440A6B8}.Release|Any CPU.Build.0 = Release|Any CPU
		{E1F9253C-1A12-4853-A16A-BD140440A6B8}.Release|x64.ActiveCfg = Release|Any CPU
		{E1F9253C-1A12-4853-A16A-BD140440A6B8}.Release|x64.Build.0 = Release|Any CPU
		{E1F9253C-1A12-4853-A16A-BD140440A6B8}.Release|x86.ActiveCfg = Release|Any CPU
		{E1F9253C-1A12-4853-A16A-BD140440A6B8}.Release|x86.Build.0 = Release|Any CPU
		{74DE981D-C797-4FED-A961-8C6AAC2866C8}.Debug|Any CPU.ActiveCfg = Debug|Any CPU
		{74DE981D-C797-4FED-A961-8C6AAC2866C8}.Debug|Any CPU.Build.0 = Debug|Any CPU
		{74DE981D-C797-4FED-A961-8C6AAC2866C8}.Debug|x64.ActiveCfg = Debug|Any CPU
		{74DE981D-C797-4FED-A961-8C6AAC2866C8}.Debug|x64.Build.0 = Debug|Any CPU
		{74DE981D-C797-4FED-A961-8C6AAC2866C8}.Debug|x86.ActiveCfg = Debug|Any CPU
		{74DE981D-C797-4FED-A961-8C6AAC2866C8}.Debug|x86.Build.0 = Debug|Any CPU
		{74DE981D-C797-4FED-A961-8C6AAC2866C8}.Release|Any CPU.ActiveCfg = Release|Any CPU
		{74DE981D-C797-4FED-A961-8C6AAC2866C8}.Release|Any CPU.Build.0 = Release|Any CPU
		{74DE981D-C797-4FED-A961-8C6AAC2866C8}.Release|x64.ActiveCfg = Release|Any CPU
		{74DE981D-C797-4FED-A961-8C6AAC2866C8}.Release|x64.Build.0 = Release|Any CPU
		{74DE981D-C797-4FED-A961-8C6AAC2866C8}.Release|x86.ActiveCfg = Release|Any CPU
		{74DE981D-C797-4FED-A961-8C6AAC2866C8}.Release|x86.Build.0 = Release|Any CPU
		{B7D20214-C8E6-1715-F2C2-85D5DA986780}.Debug|Any CPU.ActiveCfg = Debug|Any CPU
		{B7D20214-C8E6-1715-F2C2-85D5DA986780}.Debug|Any CPU.Build.0 = Debug|Any CPU
		{B7D20214-C8E6-1715-F2C2-85D5DA986780}.Debug|x64.ActiveCfg = Debug|Any CPU
		{B7D20214-C8E6-1715-F2C2-85D5DA986780}.Debug|x64.Build.0 = Debug|Any CPU
		{B7D20214-C8E6-1715-F2C2-85D5DA986780}.Debug|x86.ActiveCfg = Debug|Any CPU
		{B7D20214-C8E6-1715-F2C2-85D5DA986780}.Debug|x86.Build.0 = Debug|Any CPU
		{B7D20214-C8E6-1715-F2C2-85D5DA986780}.Release|Any CPU.ActiveCfg = Release|Any CPU
		{B7D20214-C8E6-1715-F2C2-85D5DA986780}.Release|Any CPU.Build.0 = Release|Any CPU
		{B7D20214-C8E6-1715-F2C2-85D5DA986780}.Release|x64.ActiveCfg = Release|Any CPU
		{B7D20214-C8E6-1715-F2C2-85D5DA986780}.Release|x64.Build.0 = Release|Any CPU
		{B7D20214-C8E6-1715-F2C2-85D5DA986780}.Release|x86.ActiveCfg = Release|Any CPU
		{B7D20214-C8E6-1715-F2C2-85D5DA986780}.Release|x86.Build.0 = Release|Any CPU
		{B8D15A4B-65D8-AB8C-AEF1-58F1C74292A6}.Debug|Any CPU.ActiveCfg = Debug|Any CPU
		{B8D15A4B-65D8-AB8C-AEF1-58F1C74292A6}.Debug|Any CPU.Build.0 = Debug|Any CPU
		{B8D15A4B-65D8-AB8C-AEF1-58F1C74292A6}.Debug|x64.ActiveCfg = Debug|Any CPU
		{B8D15A4B-65D8-AB8C-AEF1-58F1C74292A6}.Debug|x64.Build.0 = Debug|Any CPU
		{B8D15A4B-65D8-AB8C-AEF1-58F1C74292A6}.Debug|x86.ActiveCfg = Debug|Any CPU
		{B8D15A4B-65D8-AB8C-AEF1-58F1C74292A6}.Debug|x86.Build.0 = Debug|Any CPU
		{B8D15A4B-65D8-AB8C-AEF1-58F1C74292A6}.Release|Any CPU.ActiveCfg = Release|Any CPU
		{B8D15A4B-65D8-AB8C-AEF1-58F1C74292A6}.Release|Any CPU.Build.0 = Release|Any CPU
		{B8D15A4B-65D8-AB8C-AEF1-58F1C74292A6}.Release|x64.ActiveCfg = Release|Any CPU
		{B8D15A4B-65D8-AB8C-AEF1-58F1C74292A6}.Release|x64.Build.0 = Release|Any CPU
		{B8D15A4B-65D8-AB8C-AEF1-58F1C74292A6}.Release|x86.ActiveCfg = Release|Any CPU
		{B8D15A4B-65D8-AB8C-AEF1-58F1C74292A6}.Release|x86.Build.0 = Release|Any CPU
		{445E2DBA-B3E4-43E1-B4A6-4B3F8DE22E37}.Debug|Any CPU.ActiveCfg = Debug|Any CPU
		{445E2DBA-B3E4-43E1-B4A6-4B3F8DE22E37}.Debug|Any CPU.Build.0 = Debug|Any CPU
		{445E2DBA-B3E4-43E1-B4A6-4B3F8DE22E37}.Debug|x64.ActiveCfg = Debug|Any CPU
		{445E2DBA-B3E4-43E1-B4A6-4B3F8DE22E37}.Debug|x64.Build.0 = Debug|Any CPU
		{445E2DBA-B3E4-43E1-B4A6-4B3F8DE22E37}.Debug|x86.ActiveCfg = Debug|Any CPU
		{445E2DBA-B3E4-43E1-B4A6-4B3F8DE22E37}.Debug|x86.Build.0 = Debug|Any CPU
		{445E2DBA-B3E4-43E1-B4A6-4B3F8DE22E37}.Release|Any CPU.ActiveCfg = Release|Any CPU
		{445E2DBA-B3E4-43E1-B4A6-4B3F8DE22E37}.Release|Any CPU.Build.0 = Release|Any CPU
		{445E2DBA-B3E4-43E1-B4A6-4B3F8DE22E37}.Release|x64.ActiveCfg = Release|Any CPU
		{445E2DBA-B3E4-43E1-B4A6-4B3F8DE22E37}.Release|x64.Build.0 = Release|Any CPU
		{445E2DBA-B3E4-43E1-B4A6-4B3F8DE22E37}.Release|x86.ActiveCfg = Release|Any CPU
		{445E2DBA-B3E4-43E1-B4A6-4B3F8DE22E37}.Release|x86.Build.0 = Release|Any CPU
		{3BE905B2-A098-4F82-8C04-BA4771973411}.Debug|Any CPU.ActiveCfg = Debug|Any CPU
		{3BE905B2-A098-4F82-8C04-BA4771973411}.Debug|Any CPU.Build.0 = Debug|Any CPU
		{3BE905B2-A098-4F82-8C04-BA4771973411}.Debug|x64.ActiveCfg = Debug|Any CPU
		{3BE905B2-A098-4F82-8C04-BA4771973411}.Debug|x64.Build.0 = Debug|Any CPU
		{3BE905B2-A098-4F82-8C04-BA4771973411}.Debug|x86.ActiveCfg = Debug|Any CPU
		{3BE905B2-A098-4F82-8C04-BA4771973411}.Debug|x86.Build.0 = Debug|Any CPU
		{3BE905B2-A098-4F82-8C04-BA4771973411}.Release|Any CPU.ActiveCfg = Release|Any CPU
		{3BE905B2-A098-4F82-8C04-BA4771973411}.Release|Any CPU.Build.0 = Release|Any CPU
		{3BE905B2-A098-4F82-8C04-BA4771973411}.Release|x64.ActiveCfg = Release|Any CPU
		{3BE905B2-A098-4F82-8C04-BA4771973411}.Release|x64.Build.0 = Release|Any CPU
		{3BE905B2-A098-4F82-8C04-BA4771973411}.Release|x86.ActiveCfg = Release|Any CPU
		{3BE905B2-A098-4F82-8C04-BA4771973411}.Release|x86.Build.0 = Release|Any CPU
	EndGlobalSection
	GlobalSection(SolutionProperties) = preSolution
		HideSolutionNode = FALSE
	EndGlobalSection
	GlobalSection(ExtensibilityGlobals) = postSolution
		SolutionGuid = {B982758A-FD71-4B9E-86C0-E1B44E5DE2AB}
	EndGlobalSection
EndGlobal
