
Microsoft Visual Studio Solution File, Format Version 12.00
# Visual Studio Version 17
VisualStudioVersion = 17.9.34321.82
MinimumVisualStudioVersion = 10.0.40219.1
Project("{FAE04EC0-301F-11D3-BF4B-00C04F79EFBC}") = "0.2.1 View Arrays Operations", "0.2.2 View Arrays Operations\0.2.1 View Arrays Operations.csproj", "{731D7121-FA01-484C-BACA-4603301C65AE}"
EndProject
Project("{FAE04EC0-301F-11D3-BF4B-00C04F79EFBC}") = "0.2.1 Library Arrays Operations", "0.2.1 Library Arrays Operations\0.2.1 Library Arrays Operations.csproj", "{B7D20214-C8E6-1715-F2C2-85D5DA986780}"
EndProject
Project("{FAE04EC0-301F-11D3-BF4B-00C04F79EFBC}") = "0.1.1 Library Arrays Types", "0.1.1 Library Arrays Types\0.1.1 Library Arrays Types.csproj", "{F046DFD4-84C1-BCA7-078A-1F8F259F2194}"
EndProject
Project("{FAE04EC0-301F-11D3-BF4B-00C04F79EFBC}") = "0.1.1 View Arrays Types", "0.1.1 View Arrays Types\0.1.1 View Arrays Types.csproj", "{C069333B-65D0-25FF-B62D-A866E0932C24}"
EndProject
Project("{FAE04EC0-301F-11D3-BF4B-00C04F79EFBC}") = "0.0.1 Library Array Declaration and Initialization", "0.0.1 Library Array Declaration and Initialization\0.0.1 Library Array Declaration and Initialization.csproj", "{AD861241-8718-1EC7-0983-7062060350B6}"
EndProject
Project("{FAE04EC0-301F-11D3-BF4B-00C04F79EFBC}") = "1.1.01 One Dimensional Array Exercise", "1.1.01 One Dimensional Array Exercise\1.1.01 One Dimensional Array Exercise.csproj", "{3ED772AB-65CD-44BD-9C99-0CF54F00A13E}"
EndProject
Project("{FAE04EC0-301F-11D3-BF4B-00C04F79EFBC}") = "1.1.02 One Dimensional Array Exercise", "1.1.02 One Dimensional Array Exercise\1.1.02 One Dimensional Array Exercise.csproj", "{0AC025DF-550C-3A3E-0CE5-F3D244482DCE}"
EndProject
Project("{FAE04EC0-301F-11D3-BF4B-00C04F79EFBC}") = "1.1.03 One Dimensional Array Exercise", "1.1.03 One Dimensional Array Exercise\1.1.03 One Dimensional Array Exercise.csproj", "{1427F08F-D694-46EC-829B-58177E1CD5F5}"
EndProject
Project("{FAE04EC0-301F-11D3-BF4B-00C04F79EFBC}") = "1.1.04 One Dimensional Array Exercise", "1.1.04 One Dimensional Array Exercise\1.1.04 One Dimensional Array Exercise.csproj", "{65273450-4A71-4CE1-B26A-A2AE6301B6CB}"
EndProject
Project("{FAE04EC0-301F-11D3-BF4B-00C04F79EFBC}") = "1.1.05 One Dimensional Array Exercise", "1.1.05 One Dimensional Array Exercise\1.1.05 One Dimensional Array Exercise.csproj", "{E1F9253C-1A12-4853-A16A-BD140440A6B8}"
EndProject
Project("{FAE04EC0-301F-11D3-BF4B-00C04F79EFBC}") = "1.1.06 One Dimensional Array Exercise", "1.1.06 One Dimensional Array Exercise\1.1.06 One Dimensional Array Exercise.csproj", "{74DE981D-C797-4FED-A961-8C6AAC2866C8}"
EndProject
Global
	GlobalSection(SolutionConfigurationPlatforms) = preSolution
		Debug|Any CPU = Debug|Any CPU
		Release|Any CPU = Release|Any CPU
	EndGlobalSection
	GlobalSection(ProjectConfigurationPlatforms) = postSolution
		{731D7121-FA01-484C-BACA-4603301C65AE}.Debug|Any CPU.ActiveCfg = Debug|Any CPU
		{731D7121-FA01-484C-BACA-4603301C65AE}.Debug|Any CPU.Build.0 = Debug|Any CPU
		{731D7121-FA01-484C-BACA-4603301C65AE}.Release|Any CPU.ActiveCfg = Release|Any CPU
		{731D7121-FA01-484C-BACA-4603301C65AE}.Release|Any CPU.Build.0 = Release|Any CPU
		{B7D20214-C8E6-1715-F2C2-85D5DA986780}.Debug|Any CPU.ActiveCfg = Debug|Any CPU
		{B7D20214-C8E6-1715-F2C2-85D5DA986780}.Debug|Any CPU.Build.0 = Debug|Any CPU
		{B7D20214-C8E6-1715-F2C2-85D5DA986780}.Release|Any CPU.ActiveCfg = Release|Any CPU
		{B7D20214-C8E6-1715-F2C2-85D5DA986780}.Release|Any CPU.Build.0 = Release|Any CPU
		{F046DFD4-84C1-BCA7-078A-1F8F259F2194}.Debug|Any CPU.ActiveCfg = Debug|Any CPU
		{F046DFD4-84C1-BCA7-078A-1F8F259F2194}.Debug|Any CPU.Build.0 = Debug|Any CPU
		{F046DFD4-84C1-BCA7-078A-1F8F259F2194}.Release|Any CPU.ActiveCfg = Release|Any CPU
		{F046DFD4-84C1-BCA7-078A-1F8F259F2194}.Release|Any CPU.Build.0 = Release|Any CPU
		{C069333B-65D0-25FF-B62D-A866E0932C24}.Debug|Any CPU.ActiveCfg = Debug|Any CPU
		{C069333B-65D0-25FF-B62D-A866E0932C24}.Debug|Any CPU.Build.0 = Debug|Any CPU
		{C069333B-65D0-25FF-B62D-A866E0932C24}.Release|Any CPU.ActiveCfg = Release|Any CPU
		{C069333B-65D0-25FF-B62D-A866E0932C24}.Release|Any CPU.Build.0 = Release|Any CPU
		{AD861241-8718-1EC7-0983-7062060350B6}.Debug|Any CPU.ActiveCfg = Debug|Any CPU
		{AD861241-8718-1EC7-0983-7062060350B6}.Debug|Any CPU.Build.0 = Debug|Any CPU
		{AD861241-8718-1EC7-0983-7062060350B6}.Release|Any CPU.ActiveCfg = Release|Any CPU
		{AD861241-8718-1EC7-0983-7062060350B6}.Release|Any CPU.Build.0 = Release|Any CPU
		{3ED772AB-65CD-44BD-9C99-0CF54F00A13E}.Debug|Any CPU.ActiveCfg = Debug|Any CPU
		{3ED772AB-65CD-44BD-9C99-0CF54F00A13E}.Debug|Any CPU.Build.0 = Debug|Any CPU
		{3ED772AB-65CD-44BD-9C99-0CF54F00A13E}.Release|Any CPU.ActiveCfg = Release|Any CPU
		{3ED772AB-65CD-44BD-9C99-0CF54F00A13E}.Release|Any CPU.Build.0 = Release|Any CPU
		{0AC025DF-550C-3A3E-0CE5-F3D244482DCE}.Debug|Any CPU.ActiveCfg = Debug|Any CPU
		{0AC025DF-550C-3A3E-0CE5-F3D244482DCE}.Debug|Any CPU.Build.0 = Debug|Any CPU
		{0AC025DF-550C-3A3E-0CE5-F3D244482DCE}.Release|Any CPU.ActiveCfg = Release|Any CPU
		{0AC025DF-550C-3A3E-0CE5-F3D244482DCE}.Release|Any CPU.Build.0 = Release|Any CPU
		{1427F08F-D694-46EC-829B-58177E1CD5F5}.Debug|Any CPU.ActiveCfg = Debug|Any CPU
		{1427F08F-D694-46EC-829B-58177E1CD5F5}.Debug|Any CPU.Build.0 = Debug|Any CPU
		{1427F08F-D694-46EC-829B-58177E1CD5F5}.Release|Any CPU.ActiveCfg = Release|Any CPU
		{1427F08F-D694-46EC-829B-58177E1CD5F5}.Release|Any CPU.Build.0 = Release|Any CPU
		{65273450-4A71-4CE1-B26A-A2AE6301B6CB}.Debug|Any CPU.ActiveCfg = Debug|Any CPU
		{65273450-4A71-4CE1-B26A-A2AE6301B6CB}.Debug|Any CPU.Build.0 = Debug|Any CPU
		{65273450-4A71-4CE1-B26A-A2AE6301B6CB}.Release|Any CPU.ActiveCfg = Release|Any CPU
		{65273450-4A71-4CE1-B26A-A2AE6301B6CB}.Release|Any CPU.Build.0 = Release|Any CPU
		{E1F9253C-1A12-4853-A16A-BD140440A6B8}.Debug|Any CPU.ActiveCfg = Debug|Any CPU
		{E1F9253C-1A12-4853-A16A-BD140440A6B8}.Debug|Any CPU.Build.0 = Debug|Any CPU
		{E1F9253C-1A12-4853-A16A-BD140440A6B8}.Release|Any CPU.ActiveCfg = Release|Any CPU
		{E1F9253C-1A12-4853-A16A-BD140440A6B8}.Release|Any CPU.Build.0 = Release|Any CPU
		{74DE981D-C797-4FED-A961-8C6AAC2866C8}.Debug|Any CPU.ActiveCfg = Debug|Any CPU
		{74DE981D-C797-4FED-A961-8C6AAC2866C8}.Debug|Any CPU.Build.0 = Debug|Any CPU
		{74DE981D-C797-4FED-A961-8C6AAC2866C8}.Release|Any CPU.ActiveCfg = Release|Any CPU
		{74DE981D-C797-4FED-A961-8C6AAC2866C8}.Release|Any CPU.Build.0 = Release|Any CPU
	EndGlobalSection
	GlobalSection(SolutionProperties) = preSolution
		HideSolutionNode = FALSE
	EndGlobalSection
	GlobalSection(ExtensibilityGlobals) = postSolution
		SolutionGuid = {B982758A-FD71-4B9E-86C0-E1B44E5DE2AB}
	EndGlobalSection
EndGlobal
